
Microsoft Visual Studio Solution File, Format Version 12.00
# Visual Studio Version 17
VisualStudioVersion = 17.10.35122.118
MinimumVisualStudioVersion = 10.0.40219.1
Project("{9A19103F-16F7-4668-BE54-9A1E7A4F7556}") = "Cookie_", "Cookie_\Cookie_.csproj", "{F8BA6B60-F4AE-468C-A545-E9A541B58CEE}"
EndProject
Project("{9A19103F-16F7-4668-BE54-9A1E7A4F7556}") = "Session_", "Session_\Session_.csproj", "{12546D5A-B85D-4E32-9074-D4D1BBD4703E}"
EndProject
Project("{9A19103F-16F7-4668-BE54-9A1E7A4F7556}") = "Cache_", "Cache_\Cache_.csproj", "{5947706A-6B11-4E35-883D-B0C58443EF65}"
EndProject
Global
	GlobalSection(SolutionConfigurationPlatforms) = preSolution
		Debug|Any CPU = Debug|Any CPU
		Release|Any CPU = Release|Any CPU
	EndGlobalSection
	GlobalSection(ProjectConfigurationPlatforms) = postSolution
		{F8BA6B60-F4AE-468C-A545-E9A541B58CEE}.Debug|Any CPU.ActiveCfg = Debug|Any CPU
		{F8BA6B60-F4AE-468C-A545-E9A541B58CEE}.Debug|Any CPU.Build.0 = Debug|Any CPU
		{F8BA6B60-F4AE-468C-A545-E9A541B58CEE}.Release|Any CPU.ActiveCfg = Release|Any CPU
		{F8BA6B60-F4AE-468C-A545-E9A541B58CEE}.Release|Any CPU.Build.0 = Release|Any CPU
		{12546D5A-B85D-4E32-9074-D4D1BBD4703E}.Debug|Any CPU.ActiveCfg = Debug|Any CPU
		{12546D5A-B85D-4E32-9074-D4D1BBD4703E}.Debug|Any CPU.Build.0 = Debug|Any CPU
		{12546D5A-B85D-4E32-9074-D4D1BBD4703E}.Release|Any CPU.ActiveCfg = Release|Any CPU
		{12546D5A-B85D-4E32-9074-D4D1BBD4703E}.Release|Any CPU.Build.0 = Release|Any CPU
		{5947706A-6B11-4E35-883D-B0C58443EF65}.Debug|Any CPU.ActiveCfg = Debug|Any CPU
		{5947706A-6B11-4E35-883D-B0C58443EF65}.Debug|Any CPU.Build.0 = Debug|Any CPU
		{5947706A-6B11-4E35-883D-B0C58443EF65}.Release|Any CPU.ActiveCfg = Release|Any CPU
		{5947706A-6B11-4E35-883D-B0C58443EF65}.Release|Any CPU.Build.0 = Release|Any CPU
	EndGlobalSection
	GlobalSection(SolutionProperties) = preSolution
		HideSolutionNode = FALSE
	EndGlobalSection
	GlobalSection(ExtensibilityGlobals) = postSolution
		SolutionGuid = {5A267889-7341-4041-9B2F-4D9F55DFEA1E}
	EndGlobalSection
EndGlobal
